
Microsoft Visual Studio Solution File, Format Version 12.00
# Visual Studio Version 17
VisualStudioVersion = 17.14.37012.4
MinimumVisualStudioVersion = 10.0.40219.1
Project("{FAE04EC0-301F-11D3-BF4B-00C04F79EFBC}") = "OneWaySyncV2.Tests", "tests\OneWaySyncV2.Tests\OneWaySyncV2.Tests.csproj", "{E960FFFA-175E-220B-13F9-BA3ADA146180}"
EndProject
Project("{2150E333-8FDC-42A3-9474-1A3956D46DE8}") = "Položky řešení", "Položky řešení", "{73E6DEBC-5D85-E032-7380-14D1E53616C6}"
EndProject
Project("{2150E333-8FDC-42A3-9474-1A3956D46DE8}") = "Solution Items", "Solution Items", "{02EA681E-C7D8-13C7-8484-4AC65E1B71E8}"
	ProjectSection(SolutionItems) = preProject
		.editorconfig = .editorconfig
	EndProjectSection
EndProject
Project("{FAE04EC0-301F-11D3-BF4B-00C04F79EFBC}") = "OneWaySyncV2", "src\OneWaySyncV2\OneWaySyncV2.csproj", "{B6B1F2E7-3454-1929-D35C-031725EBAB2F}"
EndProject
Global
	GlobalSection(SolutionConfigurationPlatforms) = preSolution
		Debug|Any CPU = Debug|Any CPU
		Release|Any CPU = Release|Any CPU
	EndGlobalSection
	GlobalSection(ProjectConfigurationPlatforms) = postSolution
		{E960FFFA-175E-220B-13F9-BA3ADA146180}.Debug|Any CPU.ActiveCfg = Debug|Any CPU
		{E960FFFA-175E-220B-13F9-BA3ADA146180}.Debug|Any CPU.Build.0 = Debug|Any CPU
		{E960FFFA-175E-220B-13F9-BA3ADA146180}.Release|Any CPU.ActiveCfg = Release|Any CPU
		{E960FFFA-175E-220B-13F9-BA3ADA146180}.Release|Any CPU.Build.0 = Release|Any CPU
		{B6B1F2E7-3454-1929-D35C-031725EBAB2F}.Debug|Any CPU.ActiveCfg = Debug|Any CPU
		{B6B1F2E7-3454-1929-D35C-031725EBAB2F}.Debug|Any CPU.Build.0 = Debug|Any CPU
		{B6B1F2E7-3454-1929-D35C-031725EBAB2F}.Release|Any CPU.ActiveCfg = Release|Any CPU
		{B6B1F2E7-3454-1929-D35C-031725EBAB2F}.Release|Any CPU.Build.0 = Release|Any CPU
	EndGlobalSection
	GlobalSection(SolutionProperties) = preSolution
		HideSolutionNode = FALSE
	EndGlobalSection
	GlobalSection(ExtensibilityGlobals) = postSolution
		SolutionGuid = {43BFDF9D-0AAA-4376-A7C1-B29251731FFE}
	EndGlobalSection
EndGlobal
